{
  "lockfileVersion": 1,
  "configVersion": 1,
  "workspaces": {
    "": {
      "name": "forgewright",
      "devDependencies": {
        "@biomejs/biome": "^2.3.10",
        "@types/bun": "latest",
        "typescript": "catalog:",
      },
    },
    "packages/ai": {
      "name": "@forgewright/ai",
      "version": "0.1.0",
      "dependencies": {
        "@ai-sdk/anthropic": "catalog:",
        "@ai-sdk/google": "catalog:",
        "@ai-sdk/mistral": "catalog:",
        "@ai-sdk/openai": "catalog:",
        "@ai-sdk/openai-compatible": "catalog:",
        "@ai-sdk/xai": "catalog:",
        "@forgewright/core": "workspace:*",
        "ai": "catalog:",
        "ollama-ai-provider-v2": "^1.1.3",
        "zod": "catalog:",
      },
      "devDependencies": {
        "@types/bun": "latest",
        "typescript": "catalog:",
      },
    },
    "packages/cli": {
      "name": "@forgewright/cli",
      "version": "0.1.0",
      "bin": {
        "forgewright": "./src/index.ts",
      },
      "dependencies": {
        "@forgewright/ai": "workspace:*",
        "@forgewright/core": "workspace:*",
        "zod": "catalog:",
      },
      "devDependencies": {
        "@types/bun": "latest",
        "typescript": "catalog:",
      },
    },
    "packages/core": {
      "name": "@forgewright/core",
      "version": "0.1.0",
      "dependencies": {
        "zod": "catalog:",
      },
      "devDependencies": {
        "@types/bun": "latest",
        "typescript": "catalog:",
      },
    },
  },
  "catalog": {
    "@ai-sdk/anthropic": "^3.0.0",
    "@ai-sdk/google": "^3.0.0",
    "@ai-sdk/mistral": "^3.0.0",
    "@ai-sdk/openai": "^3.0.0",
    "@ai-sdk/openai-compatible": "^1.0.0",
    "@ai-sdk/xai": "^3.0.0",
    "ai": "^6.0.0",
    "typescript": "^5.7.0",
    "zod": "^3.25.0",
  },
  "packages": {
    "@ai-sdk/anthropic": ["@ai-sdk/anthropic@3.0.0", "", { "dependencies": { "@ai-sdk/provider": "3.0.0", "@ai-sdk/provider-utils": "4.0.0" }, "peerDependencies": { "zod": "^3.25.76 || ^4.1.8" } }, "sha512-4BnxkXwRkvh+OB1ze0mHbskT90HL4MNrg6JUsRDkIsU9w5vitvGzxwc/XwlByUGMap/5I8/LZ3XZDzv6KViCuQ=="],

    "@ai-sdk/gateway": ["@ai-sdk/gateway@3.0.0", "", { "dependencies": { "@ai-sdk/provider": "3.0.0", "@ai-sdk/provider-utils": "4.0.0", "@vercel/oidc": "3.0.5" }, "peerDependencies": { "zod": "^3.25.76 || ^4.1.8" } }, "sha512-JcjePYVpbezv+XOxkxPemwnorjWpgDiiKWMYy6FXTCG2rFABIK2Co1bFxIUSDT4vYO6f1448x9rKbn38vbhDiA=="],

    "@ai-sdk/google": ["@ai-sdk/google@3.0.0", "", { "dependencies": { "@ai-sdk/provider": "3.0.0", "@ai-sdk/provider-utils": "4.0.0" }, "peerDependencies": { "zod": "^3.25.76 || ^4.1.8" } }, "sha512-KFS9pR7KGDyt7p1OQibglS3amoLjCXxwF7DVg+gL2RLcwFRQV0s6Tp7Q+PvGNFSqPdrPYW8mHyvn8ODK4WTImA=="],

    "@ai-sdk/mistral": ["@ai-sdk/mistral@3.0.0", "", { "dependencies": { "@ai-sdk/provider": "3.0.0", "@ai-sdk/provider-utils": "4.0.0" }, "peerDependencies": { "zod": "^3.25.76 || ^4.1.8" } }, "sha512-c7k/hLqXUdsbwco63kbM9mB7JA6c76kwPTtn9ulpsO8jvL+3n3+MKn0zWF7wjIZXc3kWAOBBK1zZB492hm+f3w=="],

    "@ai-sdk/openai": ["@ai-sdk/openai@3.0.0", "", { "dependencies": { "@ai-sdk/provider": "3.0.0", "@ai-sdk/provider-utils": "4.0.0" }, "peerDependencies": { "zod": "^3.25.76 || ^4.1.8" } }, "sha512-/o2xCQlRA+O0cAXIIBOfMeT35H6Fonzilz9r/IJojPOMQnmIL+0jPQVKOUPr5bouRqCjnwKpwuKEBRqm8jUZkQ=="],

    "@ai-sdk/openai-compatible": ["@ai-sdk/openai-compatible@1.0.29", "", { "dependencies": { "@ai-sdk/provider": "2.0.0", "@ai-sdk/provider-utils": "3.0.19" }, "peerDependencies": { "zod": "^3.25.76 || ^4.1.8" } }, "sha512-cZUppWzxjfpNaH1oVZ6U8yDLKKsdGbC9X0Pex8cG9CXhKWSoVLLnW1rKr6tu9jDISK5okjBIW/O1ZzfnbUrtEw=="],

    "@ai-sdk/provider": ["@ai-sdk/provider@3.0.0", "", { "dependencies": { "json-schema": "^0.4.0" } }, "sha512-m9ka3ptkPQbaHHZHqDXDF9C9B5/Mav0KTdky1k2HZ3/nrW2t1AgObxIVPyGDWQNS9FXT/FS6PIoSjpcP/No8rQ=="],

    "@ai-sdk/provider-utils": ["@ai-sdk/provider-utils@4.0.0", "", { "dependencies": { "@ai-sdk/provider": "3.0.0", "@standard-schema/spec": "^1.1.0", "eventsource-parser": "^3.0.6" }, "peerDependencies": { "zod": "^3.25.76 || ^4.1.8" } }, "sha512-HyCyOls9I3a3e38+gtvOJOEjuw9KRcvbBnCL5GBuSmJvS9Jh9v3fz7pRC6ha1EUo/ZH1zwvLWYXBMtic8MTguA=="],

    "@ai-sdk/xai": ["@ai-sdk/xai@3.0.0", "", { "dependencies": { "@ai-sdk/openai-compatible": "2.0.0", "@ai-sdk/provider": "3.0.0", "@ai-sdk/provider-utils": "4.0.0" }, "peerDependencies": { "zod": "^3.25.76 || ^4.1.8" } }, "sha512-LTEfmNo0ESXnfWwOnEWcyYuJi/0xKGdjiEwRhCe7IjVxqLk2jF0Cpqk1U+S414JZdB5s9cqjcxFNdkLZ5AfbUA=="],

    "@biomejs/biome": ["@biomejs/biome@2.3.10", "", { "optionalDependencies": { "@biomejs/cli-darwin-arm64": "2.3.10", "@biomejs/cli-darwin-x64": "2.3.10", "@biomejs/cli-linux-arm64": "2.3.10", "@biomejs/cli-linux-arm64-musl": "2.3.10", "@biomejs/cli-linux-x64": "2.3.10", "@biomejs/cli-linux-x64-musl": "2.3.10", "@biomejs/cli-win32-arm64": "2.3.10", "@biomejs/cli-win32-x64": "2.3.10" }, "bin": { "biome": "bin/biome" } }, "sha512-/uWSUd1MHX2fjqNLHNL6zLYWBbrJeG412/8H7ESuK8ewoRoMPUgHDebqKrPTx/5n6f17Xzqc9hdg3MEqA5hXnQ=="],

    "@biomejs/cli-darwin-arm64": ["@biomejs/cli-darwin-arm64@2.3.10", "", { "os": "darwin", "cpu": "arm64" }, "sha512-M6xUjtCVnNGFfK7HMNKa593nb7fwNm43fq1Mt71kpLpb+4mE7odO8W/oWVDyBVO4ackhresy1ZYO7OJcVo/B7w=="],

    "@biomejs/cli-darwin-x64": ["@biomejs/cli-darwin-x64@2.3.10", "", { "os": "darwin", "cpu": "x64" }, "sha512-Vae7+V6t/Avr8tVbFNjnFSTKZogZHFYl7MMH62P/J1kZtr0tyRQ9Fe0onjqjS2Ek9lmNLmZc/VR5uSekh+p1fg=="],

    "@biomejs/cli-linux-arm64": ["@biomejs/cli-linux-arm64@2.3.10", "", { "os": "linux", "cpu": "arm64" }, "sha512-hhPw2V3/EpHKsileVOFynuWiKRgFEV48cLe0eA+G2wO4SzlwEhLEB9LhlSrVeu2mtSn205W283LkX7Fh48CaxA=="],

    "@biomejs/cli-linux-arm64-musl": ["@biomejs/cli-linux-arm64-musl@2.3.10", "", { "os": "linux", "cpu": "arm64" }, "sha512-B9DszIHkuKtOH2IFeeVkQmSMVUjss9KtHaNXquYYWCjH8IstNgXgx5B0aSBQNr6mn4RcKKRQZXn9Zu1rM3O0/A=="],

    "@biomejs/cli-linux-x64": ["@biomejs/cli-linux-x64@2.3.10", "", { "os": "linux", "cpu": "x64" }, "sha512-wwAkWD1MR95u+J4LkWP74/vGz+tRrIQvr8kfMMJY8KOQ8+HMVleREOcPYsQX82S7uueco60L58Wc6M1I9WA9Dw=="],

    "@biomejs/cli-linux-x64-musl": ["@biomejs/cli-linux-x64-musl@2.3.10", "", { "os": "linux", "cpu": "x64" }, "sha512-QTfHZQh62SDFdYc2nfmZFuTm5yYb4eO1zwfB+90YxUumRCR171tS1GoTX5OD0wrv4UsziMPmrePMtkTnNyYG3g=="],

    "@biomejs/cli-win32-arm64": ["@biomejs/cli-win32-arm64@2.3.10", "", { "os": "win32", "cpu": "arm64" }, "sha512-o7lYc9n+CfRbHvkjPhm8s9FgbKdYZu5HCcGVMItLjz93EhgJ8AM44W+QckDqLA9MKDNFrR8nPbO4b73VC5kGGQ=="],

    "@biomejs/cli-win32-x64": ["@biomejs/cli-win32-x64@2.3.10", "", { "os": "win32", "cpu": "x64" }, "sha512-pHEFgq7dUEsKnqG9mx9bXihxGI49X+ar+UBrEIj3Wqj3UCZp1rNgV+OoyjFgcXsjCWpuEAF4VJdkZr3TrWdCbQ=="],

    "@forgewright/ai": ["@forgewright/ai@workspace:packages/ai"],

    "@forgewright/cli": ["@forgewright/cli@workspace:packages/cli"],

    "@forgewright/core": ["@forgewright/core@workspace:packages/core"],

    "@opentelemetry/api": ["@opentelemetry/api@1.9.0", "", {}, "sha512-3giAOQvZiH5F9bMlMiv8+GSPMeqg0dbaeo58/0SlA9sxSqZhnUtxzX9/2FzyhS9sWQf5S0GJE0AKBrFqjpeYcg=="],

    "@standard-schema/spec": ["@standard-schema/spec@1.1.0", "", {}, "sha512-l2aFy5jALhniG5HgqrD6jXLi/rUWrKvqN/qJx6yoJsgKhblVd+iqqU4RCXavm/jPityDo5TCvKMnpjKnOriy0w=="],

    "@types/bun": ["@types/bun@1.3.5", "", { "dependencies": { "bun-types": "1.3.5" } }, "sha512-RnygCqNrd3srIPEWBd5LFeUYG7plCoH2Yw9WaZGyNmdTEei+gWaHqydbaIRkIkcbXwhBT94q78QljxN0Sk838w=="],

    "@types/node": ["@types/node@25.0.3", "", { "dependencies": { "undici-types": "~7.16.0" } }, "sha512-W609buLVRVmeW693xKfzHeIV6nJGGz98uCPfeXI1ELMLXVeKYZ9m15fAMSaUPBHYLGFsVRcMmSCksQOrZV9BYA=="],

    "@vercel/oidc": ["@vercel/oidc@3.0.5", "", {}, "sha512-fnYhv671l+eTTp48gB4zEsTW/YtRgRPnkI2nT7x6qw5rkI1Lq2hTmQIpHPgyThI0znLK+vX2n9XxKdXZ7BUbbw=="],

    "ai": ["ai@6.0.1", "", { "dependencies": { "@ai-sdk/gateway": "3.0.0", "@ai-sdk/provider": "3.0.0", "@ai-sdk/provider-utils": "4.0.0", "@opentelemetry/api": "1.9.0" }, "peerDependencies": { "zod": "^3.25.76 || ^4.1.8" } }, "sha512-g/jPakC6h4vUJKDww0d6+VaJmfMC38UqH3kKsngiP+coT0uvCUdQ7lpFDJ0mNmamaOyRMaY2zwEB2RnTAaJU/w=="],

    "bun-types": ["bun-types@1.3.5", "", { "dependencies": { "@types/node": "*" } }, "sha512-inmAYe2PFLs0SUbFOWSVD24sg1jFlMPxOjOSSCYqUgn4Hsc3rDc7dFvfVYjFPNHtov6kgUeulV4SxbuIV/stPw=="],

    "eventsource-parser": ["eventsource-parser@3.0.6", "", {}, "sha512-Vo1ab+QXPzZ4tCa8SwIHJFaSzy4R6SHf7BY79rFBDf0idraZWAkYrDjDj8uWaSm3S2TK+hJ7/t1CEmZ7jXw+pg=="],

    "json-schema": ["json-schema@0.4.0", "", {}, "sha512-es94M3nTIfsEPisRafak+HDLfHXnKBhV3vU5eqPcS3flIWqcxJWgXHXiey3YrpaNsanY5ei1VoYEbOzijuq9BA=="],

    "ollama-ai-provider-v2": ["ollama-ai-provider-v2@1.5.5", "", { "dependencies": { "@ai-sdk/provider": "^2.0.0", "@ai-sdk/provider-utils": "^3.0.17" }, "peerDependencies": { "zod": "^4.0.16" } }, "sha512-1YwTFdPjhPNHny/DrOHO+s8oVGGIE5Jib61/KnnjPRNWQhVVimrJJdaAX3e6nNRRDXrY5zbb9cfm2+yVvgsrqw=="],

    "typescript": ["typescript@5.9.3", "", { "bin": { "tsc": "bin/tsc", "tsserver": "bin/tsserver" } }, "sha512-jl1vZzPDinLr9eUt3J/t7V6FgNEw9QjvBPdysz9KfQDD41fQrC2Y4vKQdiaUpFT4bXlb1RHhLpp8wtm6M5TgSw=="],

    "undici-types": ["undici-types@7.16.0", "", {}, "sha512-Zz+aZWSj8LE6zoxD+xrjh4VfkIG8Ya6LvYkZqtUQGJPZjYl53ypCaUwWqo7eI0x66KBGeRo+mlBEkMSeSZ38Nw=="],

    "zod": ["zod@3.25.76", "", {}, "sha512-gzUt/qt81nXsFGKIFcC3YnfEAx5NkunCfnDlvuBSSFS02bcXu4Lmea0AFIUwbLWxWPx3d9p8S5QoaujKcNQxcQ=="],

    "@ai-sdk/openai-compatible/@ai-sdk/provider": ["@ai-sdk/provider@2.0.0", "", { "dependencies": { "json-schema": "^0.4.0" } }, "sha512-6o7Y2SeO9vFKB8lArHXehNuusnpddKPk7xqL7T2/b+OvXMRIXUO1rR4wcv1hAFUAT9avGZshty3Wlua/XA7TvA=="],

    "@ai-sdk/openai-compatible/@ai-sdk/provider-utils": ["@ai-sdk/provider-utils@3.0.19", "", { "dependencies": { "@ai-sdk/provider": "2.0.0", "@standard-schema/spec": "^1.0.0", "eventsource-parser": "^3.0.6" }, "peerDependencies": { "zod": "^3.25.76 || ^4.1.8" } }, "sha512-W41Wc9/jbUVXVwCN/7bWa4IKe8MtxO3EyA0Hfhx6grnmiYlCvpI8neSYWFE0zScXJkgA/YK3BRybzgyiXuu6JA=="],

    "@ai-sdk/xai/@ai-sdk/openai-compatible": ["@ai-sdk/openai-compatible@2.0.0", "", { "dependencies": { "@ai-sdk/provider": "3.0.0", "@ai-sdk/provider-utils": "4.0.0" }, "peerDependencies": { "zod": "^3.25.76 || ^4.1.8" } }, "sha512-dQITHbDWLtIVB0Kpb9AXRMAZC2n4azS2T/uaVq8HOgw2Uy9x19usS0DIoXlTbj3R4rJuJXpAUhYowQ+YcK16WQ=="],

    "ollama-ai-provider-v2/@ai-sdk/provider": ["@ai-sdk/provider@2.0.0", "", { "dependencies": { "json-schema": "^0.4.0" } }, "sha512-6o7Y2SeO9vFKB8lArHXehNuusnpddKPk7xqL7T2/b+OvXMRIXUO1rR4wcv1hAFUAT9avGZshty3Wlua/XA7TvA=="],

    "ollama-ai-provider-v2/@ai-sdk/provider-utils": ["@ai-sdk/provider-utils@3.0.19", "", { "dependencies": { "@ai-sdk/provider": "2.0.0", "@standard-schema/spec": "^1.0.0", "eventsource-parser": "^3.0.6" }, "peerDependencies": { "zod": "^3.25.76 || ^4.1.8" } }, "sha512-W41Wc9/jbUVXVwCN/7bWa4IKe8MtxO3EyA0Hfhx6grnmiYlCvpI8neSYWFE0zScXJkgA/YK3BRybzgyiXuu6JA=="],
  }
}
